
Microsoft Visual Studio Solution File, Format Version 12.00
# Visual Studio Version 17
VisualStudioVersion = 17.0.31903.59
MinimumVisualStudioVersion = 10.0.40219.1
Project("{2150E333-8FDC-42A3-9474-1A3956D46DE8}") = "src", "src", "{827E0CD3-B72D-47B6-A68D-7590B98EB39B}"
EndProject
Project("{2150E333-8FDC-42A3-9474-1A3956D46DE8}") = "Shared", "Shared", "{C8E42992-5E42-0C2B-DBFE-AA848D06431C}"
EndProject
Project("{FAE04EC0-301F-11D3-BF4B-00C04F79EFBC}") = "FoodMesh.Shared", "src\Shared\FoodMesh.Shared.csproj", "{47658B72-EFF0-4A74-8994-4F6BE1E92DAE}"
EndProject
Project("{2150E333-8FDC-42A3-9474-1A3956D46DE8}") = "Domain", "Domain", "{8B290487-4C16-E85E-E807-F579CBE9FC4D}"
EndProject
Project("{FAE04EC0-301F-11D3-BF4B-00C04F79EFBC}") = "FoodMesh.Domain", "src\Domain\FoodMesh.Domain.csproj", "{D8290488-32E3-4D73-8250-DCB1599E9156}"
EndProject
Project("{2150E333-8FDC-42A3-9474-1A3956D46DE8}") = "Application", "Application", "{22BAF98C-8415-17C4-B26A-D537657BC863}"
EndProject
Project("{FAE04EC0-301F-11D3-BF4B-00C04F79EFBC}") = "FoodMesh.Application", "src\Application\FoodMesh.Application.csproj", "{050006CD-7B69-4D01-A76A-7547E065115C}"
EndProject
Project("{2150E333-8FDC-42A3-9474-1A3956D46DE8}") = "Infrastructure", "Infrastructure", "{9048EB7F-3875-A59E-E36B-5BD4C6F2A282}"
EndProject
Project("{2150E333-8FDC-42A3-9474-1A3956D46DE8}") = "Infrastructure", "Infrastructure", "{521DC3C6-825F-EB84-682F-7A7EDA80C6CB}"
EndProject
Project("{FAE04EC0-301F-11D3-BF4B-00C04F79EFBC}") = "FoodMesh.Infrastructure", "src\Infrastructure\Infrastructure\FoodMesh.Infrastructure.csproj", "{151236B9-9413-479D-B696-E493B7FF0E6F}"
EndProject
Project("{2150E333-8FDC-42A3-9474-1A3956D46DE8}") = "Read", "Read", "{F0B25D68-BABB-74AA-3A81-D37E0D88B9D3}"
EndProject
Project("{FAE04EC0-301F-11D3-BF4B-00C04F79EFBC}") = "FoodMesh.Read", "src\Read\FoodMesh.Read.csproj", "{696CB4DF-B5BE-44BE-9688-169355DBF6F3}"
EndProject
Project("{2150E333-8FDC-42A3-9474-1A3956D46DE8}") = "BusinessApiService", "BusinessApiService", "{D449ED2F-891D-2316-858A-DBF5EBEECE92}"
EndProject
Project("{FAE04EC0-301F-11D3-BF4B-00C04F79EFBC}") = "FoodMesh.BusinessApiService", "src\Read\BusinessApiService\FoodMesh.BusinessApiService.csproj", "{8C42D02F-853B-4023-A40F-150543757B7C}"
EndProject
Project("{2150E333-8FDC-42A3-9474-1A3956D46DE8}") = "tests", "tests", "{0AB3BF05-4346-4AA6-1389-037BE0695223}"
EndProject
Project("{2150E333-8FDC-42A3-9474-1A3956D46DE8}") = "Domain.Tests", "Domain.Tests", "{6689DE0C-BD34-81AE-B353-DE31FCF7888B}"
EndProject
Project("{FAE04EC0-301F-11D3-BF4B-00C04F79EFBC}") = "FoodMesh.Domain.Tests", "tests\Domain.Tests\FoodMesh.Domain.Tests.csproj", "{63F76524-6C38-4EC7-A059-5AC112546D62}"
EndProject
Global
	GlobalSection(SolutionConfigurationPlatforms) = preSolution
		Debug|Any CPU = Debug|Any CPU
		Debug|x64 = Debug|x64
		Debug|x86 = Debug|x86
		Release|Any CPU = Release|Any CPU
		Release|x64 = Release|x64
		Release|x86 = Release|x86
	EndGlobalSection
	GlobalSection(ProjectConfigurationPlatforms) = postSolution
		{47658B72-EFF0-4A74-8994-4F6BE1E92DAE}.Debug|Any CPU.ActiveCfg = Debug|Any CPU
		{47658B72-EFF0-4A74-8994-4F6BE1E92DAE}.Debug|Any CPU.Build.0 = Debug|Any CPU
		{47658B72-EFF0-4A74-8994-4F6BE1E92DAE}.Debug|x64.ActiveCfg = Debug|Any CPU
		{47658B72-EFF0-4A74-8994-4F6BE1E92DAE}.Debug|x64.Build.0 = Debug|Any CPU
		{47658B72-EFF0-4A74-8994-4F6BE1E92DAE}.Debug|x86.ActiveCfg = Debug|Any CPU
		{47658B72-EFF0-4A74-8994-4F6BE1E92DAE}.Debug|x86.Build.0 = Debug|Any CPU
		{47658B72-EFF0-4A74-8994-4F6BE1E92DAE}.Release|Any CPU.ActiveCfg = Release|Any CPU
		{47658B72-EFF0-4A74-8994-4F6BE1E92DAE}.Release|Any CPU.Build.0 = Release|Any CPU
		{47658B72-EFF0-4A74-8994-4F6BE1E92DAE}.Release|x64.ActiveCfg = Release|Any CPU
		{47658B72-EFF0-4A74-8994-4F6BE1E92DAE}.Release|x64.Build.0 = Release|Any CPU
		{47658B72-EFF0-4A74-8994-4F6BE1E92DAE}.Release|x86.ActiveCfg = Release|Any CPU
		{47658B72-EFF0-4A74-8994-4F6BE1E92DAE}.Release|x86.Build.0 = Release|Any CPU
		{D8290488-32E3-4D73-8250-DCB1599E9156}.Debug|Any CPU.ActiveCfg = Debug|Any CPU
		{D8290488-32E3-4D73-8250-DCB1599E9156}.Debug|Any CPU.Build.0 = Debug|Any CPU
		{D8290488-32E3-4D73-8250-DCB1599E9156}.Debug|x64.ActiveCfg = Debug|Any CPU
		{D8290488-32E3-4D73-8250-DCB1599E9156}.Debug|x64.Build.0 = Debug|Any CPU
		{D8290488-32E3-4D73-8250-DCB1599E9156}.Debug|x86.ActiveCfg = Debug|Any CPU
		{D8290488-32E3-4D73-8250-DCB1599E9156}.Debug|x86.Build.0 = Debug|Any CPU
		{D8290488-32E3-4D73-8250-DCB1599E9156}.Release|Any CPU.ActiveCfg = Release|Any CPU
		{D8290488-32E3-4D73-8250-DCB1599E9156}.Release|Any CPU.Build.0 = Release|Any CPU
		{D8290488-32E3-4D73-8250-DCB1599E9156}.Release|x64.ActiveCfg = Release|Any CPU
		{D8290488-32E3-4D73-8250-DCB1599E9156}.Release|x64.Build.0 = Release|Any CPU
		{D8290488-32E3-4D73-8250-DCB1599E9156}.Release|x86.ActiveCfg = Release|Any CPU
		{D8290488-32E3-4D73-8250-DCB1599E9156}.Release|x86.Build.0 = Release|Any CPU
		{050006CD-7B69-4D01-A76A-7547E065115C}.Debug|Any CPU.ActiveCfg = Debug|Any CPU
		{050006CD-7B69-4D01-A76A-7547E065115C}.Debug|Any CPU.Build.0 = Debug|Any CPU
		{050006CD-7B69-4D01-A76A-7547E065115C}.Debug|x64.ActiveCfg = Debug|Any CPU
		{050006CD-7B69-4D01-A76A-7547E065115C}.Debug|x64.Build.0 = Debug|Any CPU
		{050006CD-7B69-4D01-A76A-7547E065115C}.Debug|x86.ActiveCfg = Debug|Any CPU
		{050006CD-7B69-4D01-A76A-7547E065115C}.Debug|x86.Build.0 = Debug|Any CPU
		{050006CD-7B69-4D01-A76A-7547E065115C}.Release|Any CPU.ActiveCfg = Release|Any CPU
		{050006CD-7B69-4D01-A76A-7547E065115C}.Release|Any CPU.Build.0 = Release|Any CPU
		{050006CD-7B69-4D01-A76A-7547E065115C}.Release|x64.ActiveCfg = Release|Any CPU
		{050006CD-7B69-4D01-A76A-7547E065115C}.Release|x64.Build.0 = Release|Any CPU
		{050006CD-7B69-4D01-A76A-7547E065115C}.Release|x86.ActiveCfg = Release|Any CPU
		{050006CD-7B69-4D01-A76A-7547E065115C}.Release|x86.Build.0 = Release|Any CPU
		{151236B9-9413-479D-B696-E493B7FF0E6F}.Debug|Any CPU.ActiveCfg = Debug|Any CPU
		{151236B9-9413-479D-B696-E493B7FF0E6F}.Debug|Any CPU.Build.0 = Debug|Any CPU
		{151236B9-9413-479D-B696-E493B7FF0E6F}.Debug|x64.ActiveCfg = Debug|Any CPU
		{151236B9-9413-479D-B696-E493B7FF0E6F}.Debug|x64.Build.0 = Debug|Any CPU
		{151236B9-9413-479D-B696-E493B7FF0E6F}.Debug|x86.ActiveCfg = Debug|Any CPU
		{151236B9-9413-479D-B696-E493B7FF0E6F}.Debug|x86.Build.0 = Debug|Any CPU
		{151236B9-9413-479D-B696-E493B7FF0E6F}.Release|Any CPU.ActiveCfg = Release|Any CPU
		{151236B9-9413-479D-B696-E493B7FF0E6F}.Release|Any CPU.Build.0 = Release|Any CPU
		{151236B9-9413-479D-B696-E493B7FF0E6F}.Release|x64.ActiveCfg = Release|Any CPU
		{151236B9-9413-479D-B696-E493B7FF0E6F}.Release|x64.Build.0 = Release|Any CPU
		{151236B9-9413-479D-B696-E493B7FF0E6F}.Release|x86.ActiveCfg = Release|Any CPU
		{151236B9-9413-479D-B696-E493B7FF0E6F}.Release|x86.Build.0 = Release|Any CPU
		{696CB4DF-B5BE-44BE-9688-169355DBF6F3}.Debug|Any CPU.ActiveCfg = Debug|Any CPU
		{696CB4DF-B5BE-44BE-9688-169355DBF6F3}.Debug|Any CPU.Build.0 = Debug|Any CPU
		{696CB4DF-B5BE-44BE-9688-169355DBF6F3}.Debug|x64.ActiveCfg = Debug|Any CPU
		{696CB4DF-B5BE-44BE-9688-169355DBF6F3}.Debug|x64.Build.0 = Debug|Any CPU
		{696CB4DF-B5BE-44BE-9688-169355DBF6F3}.Debug|x86.ActiveCfg = Debug|Any CPU
		{696CB4DF-B5BE-44BE-9688-169355DBF6F3}.Debug|x86.Build.0 = Debug|Any CPU
		{696CB4DF-B5BE-44BE-9688-169355DBF6F3}.Release|Any CPU.ActiveCfg = Release|Any CPU
		{696CB4DF-B5BE-44BE-9688-169355DBF6F3}.Release|Any CPU.Build.0 = Release|Any CPU
		{696CB4DF-B5BE-44BE-9688-169355DBF6F3}.Release|x64.ActiveCfg = Release|Any CPU
		{696CB4DF-B5BE-44BE-9688-169355DBF6F3}.Release|x64.Build.0 = Release|Any CPU
		{696CB4DF-B5BE-44BE-9688-169355DBF6F3}.Release|x86.ActiveCfg = Release|Any CPU
		{696CB4DF-B5BE-44BE-9688-169355DBF6F3}.Release|x86.Build.0 = Release|Any CPU
		{8C42D02F-853B-4023-A40F-150543757B7C}.Debug|Any CPU.ActiveCfg = Debug|Any CPU
		{8C42D02F-853B-4023-A40F-150543757B7C}.Debug|Any CPU.Build.0 = Debug|Any CPU
		{8C42D02F-853B-4023-A40F-150543757B7C}.Debug|x64.ActiveCfg = Debug|Any CPU
		{8C42D02F-853B-4023-A40F-150543757B7C}.Debug|x64.Build.0 = Debug|Any CPU
		{8C42D02F-853B-4023-A40F-150543757B7C}.Debug|x86.ActiveCfg = Debug|Any CPU
		{8C42D02F-853B-4023-A40F-150543757B7C}.Debug|x86.Build.0 = Debug|Any CPU
		{8C42D02F-853B-4023-A40F-150543757B7C}.Release|Any CPU.ActiveCfg = Release|Any CPU
		{8C42D02F-853B-4023-A40F-150543757B7C}.Release|Any CPU.Build.0 = Release|Any CPU
		{8C42D02F-853B-4023-A40F-150543757B7C}.Release|x64.ActiveCfg = Release|Any CPU
		{8C42D02F-853B-4023-A40F-150543757B7C}.Release|x64.Build.0 = Release|Any CPU
		{8C42D02F-853B-4023-A40F-150543757B7C}.Release|x86.ActiveCfg = Release|Any CPU
		{8C42D02F-853B-4023-A40F-150543757B7C}.Release|x86.Build.0 = Release|Any CPU
		{63F76524-6C38-4EC7-A059-5AC112546D62}.Debug|Any CPU.ActiveCfg = Debug|Any CPU
		{63F76524-6C38-4EC7-A059-5AC112546D62}.Debug|Any CPU.Build.0 = Debug|Any CPU
		{63F76524-6C38-4EC7-A059-5AC112546D62}.Debug|x64.ActiveCfg = Debug|Any CPU
		{63F76524-6C38-4EC7-A059-5AC112546D62}.Debug|x64.Build.0 = Debug|Any CPU
		{63F76524-6C38-4EC7-A059-5AC112546D62}.Debug|x86.ActiveCfg = Debug|Any CPU
		{63F76524-6C38-4EC7-A059-5AC112546D62}.Debug|x86.Build.0 = Debug|Any CPU
		{63F76524-6C38-4EC7-A059-5AC112546D62}.Release|Any CPU.ActiveCfg = Release|Any CPU
		{63F76524-6C38-4EC7-A059-5AC112546D62}.Release|Any CPU.Build.0 = Release|Any CPU
		{63F76524-6C38-4EC7-A059-5AC112546D62}.Release|x64.ActiveCfg = Release|Any CPU
		{63F76524-6C38-4EC7-A059-5AC112546D62}.Release|x64.Build.0 = Release|Any CPU
		{63F76524-6C38-4EC7-A059-5AC112546D62}.Release|x86.ActiveCfg = Release|Any CPU
		{63F76524-6C38-4EC7-A059-5AC112546D62}.Release|x86.Build.0 = Release|Any CPU
	EndGlobalSection
	GlobalSection(SolutionProperties) = preSolution
		HideSolutionNode = FALSE
	EndGlobalSection
	GlobalSection(NestedProjects) = preSolution
		{C8E42992-5E42-0C2B-DBFE-AA848D06431C} = {827E0CD3-B72D-47B6-A68D-7590B98EB39B}
		{47658B72-EFF0-4A74-8994-4F6BE1E92DAE} = {C8E42992-5E42-0C2B-DBFE-AA848D06431C}
		{8B290487-4C16-E85E-E807-F579CBE9FC4D} = {827E0CD3-B72D-47B6-A68D-7590B98EB39B}
		{D8290488-32E3-4D73-8250-DCB1599E9156} = {8B290487-4C16-E85E-E807-F579CBE9FC4D}
		{22BAF98C-8415-17C4-B26A-D537657BC863} = {827E0CD3-B72D-47B6-A68D-7590B98EB39B}
		{050006CD-7B69-4D01-A76A-7547E065115C} = {22BAF98C-8415-17C4-B26A-D537657BC863}
		{9048EB7F-3875-A59E-E36B-5BD4C6F2A282} = {827E0CD3-B72D-47B6-A68D-7590B98EB39B}
		{521DC3C6-825F-EB84-682F-7A7EDA80C6CB} = {9048EB7F-3875-A59E-E36B-5BD4C6F2A282}
		{151236B9-9413-479D-B696-E493B7FF0E6F} = {521DC3C6-825F-EB84-682F-7A7EDA80C6CB}
		{F0B25D68-BABB-74AA-3A81-D37E0D88B9D3} = {827E0CD3-B72D-47B6-A68D-7590B98EB39B}
		{696CB4DF-B5BE-44BE-9688-169355DBF6F3} = {F0B25D68-BABB-74AA-3A81-D37E0D88B9D3}
		{D449ED2F-891D-2316-858A-DBF5EBEECE92} = {F0B25D68-BABB-74AA-3A81-D37E0D88B9D3}
		{8C42D02F-853B-4023-A40F-150543757B7C} = {D449ED2F-891D-2316-858A-DBF5EBEECE92}
		{6689DE0C-BD34-81AE-B353-DE31FCF7888B} = {0AB3BF05-4346-4AA6-1389-037BE0695223}
		{63F76524-6C38-4EC7-A059-5AC112546D62} = {6689DE0C-BD34-81AE-B353-DE31FCF7888B}
	EndGlobalSection
EndGlobal
